
Microsoft Visual Studio Solution File, Format Version 12.00
# Visual Studio Version 16
VisualStudioVersion = 16.0.30804.86
MinimumVisualStudioVersion = 10.0.40219.1
Project("{FAE04EC0-301F-11D3-BF4B-00C04F79EFBC}") = "xadrez-console", "xadrez-console\xadrez-console.csproj", "{79B331BF-6375-4C79-BEF9-73FA42B3DBBF}"
EndProject
Global
	GlobalSection(SolutionConfigurationPlatforms) = preSolution
		Debug|Any CPU = Debug|Any CPU
		Release|Any CPU = Release|Any CPU
	EndGlobalSection
	GlobalSection(ProjectConfigurationPlatforms) = postSolution
		{79B331BF-6375-4C79-BEF9-73FA42B3DBBF}.Debug|Any CPU.ActiveCfg = Debug|Any CPU
		{79B331BF-6375-4C79-BEF9-73FA42B3DBBF}.Debug|Any CPU.Build.0 = Debug|Any CPU
		{79B331BF-6375-4C79-BEF9-73FA42B3DBBF}.Release|Any CPU.ActiveCfg = Release|Any CPU
		{79B331BF-6375-4C79-BEF9-73FA42B3DBBF}.Release|Any CPU.Build.0 = Release|Any CPU
	EndGlobalSection
	GlobalSection(SolutionProperties) = preSolution
		HideSolutionNode = FALSE
	EndGlobalSection
	GlobalSection(ExtensibilityGlobals) = postSolution
		SolutionGuid = {092519F7-0BF9-4F4D-86D0-38429745E4AA}
	EndGlobalSection
EndGlobal
